Microsoft Visual Studio Solution File, Format Version 12.00
# Visual Studio Version 17
VisualStudioVersion = 17.5.2.0
MinimumVisualStudioVersion = 10.0.40219.1
Project("{FAE04EC0-301F-11D3-BF4B-00C04F79EFBC}") = "QUANLYRAPCHIEUPHHIM", "QUANLYRAPCHIEUPHHIM.csproj", "{6A6EC5A5-5E64-2FCC-4CAB-003EE2147222}"
EndProject
Global
	GlobalSection(SolutionConfigurationPlatforms) = preSolution
		Debug|Any CPU = Debug|Any CPU
		Release|Any CPU = Release|Any CPU
	EndGlobalSection
	GlobalSection(ProjectConfigurationPlatforms) = postSolution
		{6A6EC5A5-5E64-2FCC-4CAB-003EE2147222}.Debug|Any CPU.ActiveCfg = Debug|Any CPU
		{6A6EC5A5-5E64-2FCC-4CAB-003EE2147222}.Debug|Any CPU.Build.0 = Debug|Any CPU
		{6A6EC5A5-5E64-2FCC-4CAB-003EE2147222}.Release|Any CPU.ActiveCfg = Release|Any CPU
		{6A6EC5A5-5E64-2FCC-4CAB-003EE2147222}.Release|Any CPU.Build.0 = Release|Any CPU
	EndGlobalSection
	GlobalSection(SolutionProperties) = preSolution
		HideSolutionNode = FALSE
	EndGlobalSection
	GlobalSection(ExtensibilityGlobals) = postSolution
		SolutionGuid = {C987BDD0-2020-49CC-AFBE-1B31942A0116}
	EndGlobalSection
EndGlobal
